
Microsoft Visual Studio Solution File, Format Version 12.00
# Visual Studio Version 16
VisualStudioVersion = 16.0.31624.102
MinimumVisualStudioVersion = 10.0.40219.1
Project("{9A19103F-16F7-4668-BE54-9A1E7A4F7556}") = "DIContainer", "DIContainer\DIContainer.csproj", "{38EEEF3F-B128-40AA-B2D7-6E33AC0E62D4}"
EndProject
Project("{9A19103F-16F7-4668-BE54-9A1E7A4F7556}") = "DIContainer.Test", "DIContainer.Test\DIContainer.Test.csproj", "{38E09BF7-1D75-4FDA-A23F-9BB258CE9DF9}"
EndProject
Project("{FAE04EC0-301F-11D3-BF4B-00C04F79EFBC}") = "Singleton", "Singleton\Singleton.csproj", "{A7BD7328-EB06-49FB-9CA4-4D1E53DB0B55}"
EndProject
Project("{FAE04EC0-301F-11D3-BF4B-00C04F79EFBC}") = "Singleton.Test", "Singleton.Test\Singleton.Test.csproj", "{92CBF25C-7190-4C59-BA47-2E7552122302}"
EndProject
Global
	GlobalSection(SolutionConfigurationPlatforms) = preSolution
		Debug|Any CPU = Debug|Any CPU
		Release|Any CPU = Release|Any CPU
	EndGlobalSection
	GlobalSection(ProjectConfigurationPlatforms) = postSolution
		{38EEEF3F-B128-40AA-B2D7-6E33AC0E62D4}.Debug|Any CPU.ActiveCfg = Debug|Any CPU
		{38EEEF3F-B128-40AA-B2D7-6E33AC0E62D4}.Debug|Any CPU.Build.0 = Debug|Any CPU
		{38EEEF3F-B128-40AA-B2D7-6E33AC0E62D4}.Release|Any CPU.ActiveCfg = Release|Any CPU
		{38EEEF3F-B128-40AA-B2D7-6E33AC0E62D4}.Release|Any CPU.Build.0 = Release|Any CPU
		{38E09BF7-1D75-4FDA-A23F-9BB258CE9DF9}.Debug|Any CPU.ActiveCfg = Debug|Any CPU
		{38E09BF7-1D75-4FDA-A23F-9BB258CE9DF9}.Debug|Any CPU.Build.0 = Debug|Any CPU
		{38E09BF7-1D75-4FDA-A23F-9BB258CE9DF9}.Release|Any CPU.ActiveCfg = Release|Any CPU
		{38E09BF7-1D75-4FDA-A23F-9BB258CE9DF9}.Release|Any CPU.Build.0 = Release|Any CPU
		{A7BD7328-EB06-49FB-9CA4-4D1E53DB0B55}.Debug|Any CPU.ActiveCfg = Debug|Any CPU
		{A7BD7328-EB06-49FB-9CA4-4D1E53DB0B55}.Debug|Any CPU.Build.0 = Debug|Any CPU
		{A7BD7328-EB06-49FB-9CA4-4D1E53DB0B55}.Release|Any CPU.ActiveCfg = Release|Any CPU
		{A7BD7328-EB06-49FB-9CA4-4D1E53DB0B55}.Release|Any CPU.Build.0 = Release|Any CPU
		{92CBF25C-7190-4C59-BA47-2E7552122302}.Debug|Any CPU.ActiveCfg = Debug|Any CPU
		{92CBF25C-7190-4C59-BA47-2E7552122302}.Debug|Any CPU.Build.0 = Debug|Any CPU
		{92CBF25C-7190-4C59-BA47-2E7552122302}.Release|Any CPU.ActiveCfg = Release|Any CPU
		{92CBF25C-7190-4C59-BA47-2E7552122302}.Release|Any CPU.Build.0 = Release|Any CPU
	EndGlobalSection
	GlobalSection(SolutionProperties) = preSolution
		HideSolutionNode = FALSE
	EndGlobalSection
	GlobalSection(ExtensibilityGlobals) = postSolution
		SolutionGuid = {EF98DAB1-9C38-4A90-9478-78CB4139561D}
	EndGlobalSection
EndGlobal
